<?xml version="1.0" encoding="utf-8"?>
<Project ToolsVersion="4.0" xmlns="http://schemas.microsoft.com/developer/msbuild/2003">
  <ItemGroup>
    <Filter Include="ソース ファイル">
      <UniqueIdentifier>{4FC737F1-C7A5-4376-A066-2A32D752A2FF}</UniqueIdentifier>
      <Extensions>cpp;c;cc;cxx;c++;cppm;ixx;def;odl;idl;hpj;bat;asm;asmx</Extensions>
    </Filter>
    <Filter Include="ヘッダー ファイル">
      <UniqueIdentifier>{93995380-89BD-4b04-88EB-625FBE52EBFB}</UniqueIdentifier>
      <Extensions>h;hh;hpp;hxx;h++;hm;inl;inc;ipp;xsd</Extensions>
    </Filter>
    <Filter Include="リソース ファイル">
      <UniqueIdentifier>{67DA6AB6-F800-4c08-8B7A-83BB121AAD01}</UniqueIdentifier>
      <Extensions>rc;ico;cur;bmp;dlg;rc2;rct;bin;rgs;gif;jpg;jpeg;jpe;resx;tiff;tif;png;wav;mfcribbon-ms</Extensions>
    </Filter>
  </ItemGroup>
  <ItemGroup>
    <ClCompile Include="src\main.c">
      <Filter>ソース ファイル</Filter>
    </ClCompile>
    <ClCompile Include="src\system\graphics.c">
      <Filter>ソース ファイル</Filter>
    </ClCompile>
    <ClCompile Include="src\gamestate.c">
      <Filter>ソース ファイル</Filter>
    </ClCompile>
    <ClCompile Include="src\map.c">
      <Filter>ソース ファイル</Filter>
    </ClCompile>
    <ClCompile Include="src\entity\player.c">
      <Filter>ソース ファイル</Filter>
    </ClCompile>
    <ClCompile Include="src\entity.c">
      <Filter>ソース ファイル</Filter>
    </ClCompile>
    <ClCompile Include="src\objectfactory.c">
      <Filter>ソース ファイル</Filter>
    </ClCompile>
    <ClCompile Include="src\entity\bullet.c">
      <Filter>ソース ファイル</Filter>
    </ClCompile>
    <ClCompile Include="src\entity\sentry.c">
      <Filter>ソース ファイル</Filter>
    </ClCompile>
    <ClCompile Include="src\entity\door.c">
      <Filter>ソース ファイル</Filter>
    </ClCompile>
    <ClCompile Include="src\hud.c">
      <Filter>ソース ファイル</Filter>
    </ClCompile>
    <ClCompile Include="src\system\input.c">
      <Filter>ソース ファイル</Filter>
    </ClCompile>
    <ClCompile Include="src\cutscene.c">
      <Filter>ソース ファイル</Filter>
    </ClCompile>
    <ClCompile Include="src\entity\pickup.c">
      <Filter>ソース ファイル</Filter>
    </ClCompile>
    <ClCompile Include="src\system\sound.c">
      <Filter>ソース ファイル</Filter>
    </ClCompile>
    <ClCompile Include="src\ui.c">
      <Filter>ソース ファイル</Filter>
    </ClCompile>
    <ClCompile Include="src\entity\spike.c">
      <Filter>ソース ファイル</Filter>
    </ClCompile>
  </ItemGroup>
  <ItemGroup>
    <ClInclude Include="src\main.h">
      <Filter>ヘッダー ファイル</Filter>
    </ClInclude>
    <ClInclude Include="src\constants.h">
      <Filter>ヘッダー ファイル</Filter>
    </ClInclude>
    <ClInclude Include="src\structs.h">
      <Filter>ヘッダー ファイル</Filter>
    </ClInclude>
    <ClInclude Include="src\system\graphics.h">
      <Filter>ヘッダー ファイル</Filter>
    </ClInclude>
    <ClInclude Include="src\system\vector.h">
      <Filter>ヘッダー ファイル</Filter>
    </ClInclude>
    <ClInclude Include="src\gamestate.h">
      <Filter>ヘッダー ファイル</Filter>
    </ClInclude>
    <ClInclude Include="src\map.h">
      <Filter>ヘッダー ファイル</Filter>
    </ClInclude>
    <ClInclude Include="src\entity\player.h">
      <Filter>ヘッダー ファイル</Filter>
    </ClInclude>
    <ClInclude Include="src\entity.h">
      <Filter>ヘッダー ファイル</Filter>
    </ClInclude>
    <ClInclude Include="src\objectfactory.h">
      <Filter>ヘッダー ファイル</Filter>
    </ClInclude>
    <ClInclude Include="src\entity\bullet.h">
      <Filter>ヘッダー ファイル</Filter>
    </ClInclude>
    <ClInclude Include="src\entity\sentry.h">
      <Filter>ヘッダー ファイル</Filter>
    </ClInclude>
    <ClInclude Include="src\entity\door.h">
      <Filter>ヘッダー ファイル</Filter>
    </ClInclude>
    <ClInclude Include="src\hud.h">
      <Filter>ヘッダー ファイル</Filter>
    </ClInclude>
    <ClInclude Include="src\system\input.h">
      <Filter>ヘッダー ファイル</Filter>
    </ClInclude>
    <ClInclude Include="src\cutscene.h">
      <Filter>ヘッダー ファイル</Filter>
    </ClInclude>
    <ClInclude Include="src\entity\pickup.h">
      <Filter>ヘッダー ファイル</Filter>
    </ClInclude>
    <ClInclude Include="src\system\sound.h">
      <Filter>ヘッダー ファイル</Filter>
    </ClInclude>
    <ClInclude Include="src\ui.h">
      <Filter>ヘッダー ファイル</Filter>
    </ClInclude>
    <ClInclude Include="src\entity\spike.h">
      <Filter>ヘッダー ファイル</Filter>
    </ClInclude>
  </ItemGroup>
</Project>